PODS:
  - EasySequence (1.3.1)
  - Nimble (7.3.1)
  - Quick (1.3.2)

DEPENDENCIES:
  - EasySequence (from `../`)
  - Nimble
  - Quick

SPEC REPOS:
  https://github.com/cocoapods/specs.git:
    - Nimble
    - Quick

EXTERNAL SOURCES:
  EasySequence:
    :path: "../"

SPEC CHECKSUMS:
  EasySequence: 19e74d439ccf3b0d759c89a2b51f935a10dabf83
  Nimble: 04f732da099ea4d153122aec8c2a88fd0c7219ae
  Quick: 2623cb30d7a7f41ca62f684f679586558f483d46

PODFILE CHECKSUM: 75a1fc4f0fff36fa252fba8310c993126b3b10f0

COCOAPODS: 1.5.3
